<?xml version="1.0" encoding="UTF-8" standalone="yes" ?>
<CodeBlocks_project_file>
	<FileVersion major="1" minor="6" />
	<Project>
		<Option title="TextQuestIIIv092" />
		<Option pch_mode="2" />
		<Option compiler="gcc" />
		<Build>
			<Target title="Debug">
				<Option output="bin/Debug/TextQuestIIIv092" prefix_auto="1" extension_auto="1" />
				<Option object_output="obj/Debug/" />
				<Option type="1" />
				<Option compiler="gcc" />
				<Compiler>
					<Add option="-g" />
				</Compiler>
			</Target>
			<Target title="Release">
				<Option output="bin/Release/TextQuestIIIv092" prefix_auto="1" extension_auto="1" />
				<Option object_output="obj/Release/" />
				<Option type="1" />
				<Option compiler="gcc" />
				<Compiler>
					<Add option="-O2" />
				</Compiler>
				<Linker>
					<Add option="-s" />
				</Linker>
			</Target>
		</Build>
		<Compiler>
			<Add option="-Wall" />
			<Add option="-fexceptions" />
		</Compiler>
		<Unit filename="CharacterCreation.cpp" />
		<Unit filename="CharacterCreation.h" />
		<Unit filename="Combat.cpp" />
		<Unit filename="Combat.h" />
		<Unit filename="Dialogue.cpp" />
		<Unit filename="Dialogue.h" />
		<Unit filename="DiceBoard.cpp" />
		<Unit filename="DiceBoard.h" />
		<Unit filename="Information.cpp" />
		<Unit filename="Information.h" />
		<Unit filename="Inputs.cpp" />
		<Unit filename="Inputs.h" />
		<Unit filename="LevelControl.cpp" />
		<Unit filename="LevelControl.h" />
		<Unit filename="Save.cpp" />
		<Unit filename="Save.h" />
		<Unit filename="Screens.cpp" />
		<Unit filename="Screens.h" />
		<Unit filename="arenas.cpp" />
		<Unit filename="arenas.h" />
		<Unit filename="buildings.cpp" />
		<Unit filename="buildings.h" />
		<Unit filename="characters.cpp" />
		<Unit filename="characters.h" />
		<Unit filename="items.cpp" />
		<Unit filename="items.h" />
		<Unit filename="main.cpp" />
		<Unit filename="maps.cpp" />
		<Unit filename="maps.h" />
		<Unit filename="objects.cpp" />
		<Unit filename="objects.h" />
		<Unit filename="quests.cpp" />
		<Unit filename="quests.h" />
		<Unit filename="spells.cpp" />
		<Unit filename="spells.h" />
		<Unit filename="towns.cpp" />
		<Unit filename="towns.h" />
		<Extensions>
			<code_completion />
			<envvars />
			<debugger />
		</Extensions>
	</Project>
</CodeBlocks_project_file>
